
Microsoft Visual Studio Solution File, Format Version 12.00
# Visual Studio Version 16
VisualStudioVersion = 25.0.1704.4
MinimumVisualStudioVersion = 10.0.40219.1
Project("{FAE04EC0-301F-11D3-BF4B-00C04F79EFBC}") = "form_handler_function", "form_handler_function\form_handler_function.csproj", "{FF6016D2-48F2-44FB-B475-553809323807}"
EndProject
Global
	GlobalSection(SolutionConfigurationPlatforms) = preSolution
		Debug|Any CPU = Debug|Any CPU
		Release|Any CPU = Release|Any CPU
	EndGlobalSection
	GlobalSection(ProjectConfigurationPlatforms) = postSolution
		{FF6016D2-48F2-44FB-B475-553809323807}.Debug|Any CPU.ActiveCfg = Debug|Any CPU
		{FF6016D2-48F2-44FB-B475-553809323807}.Debug|Any CPU.Build.0 = Debug|Any CPU
		{FF6016D2-48F2-44FB-B475-553809323807}.Release|Any CPU.ActiveCfg = Release|Any CPU
		{FF6016D2-48F2-44FB-B475-553809323807}.Release|Any CPU.Build.0 = Release|Any CPU
	EndGlobalSection
	GlobalSection(SolutionProperties) = preSolution
		HideSolutionNode = FALSE
	EndGlobalSection
	GlobalSection(ExtensibilityGlobals) = postSolution
		SolutionGuid = {948A5760-FB9C-495E-AD39-DF7B21E2CB08}
	EndGlobalSection
EndGlobal
